
Microsoft Visual Studio Solution File, Format Version 12.00
# Visual Studio Version 16
VisualStudioVersion = 16.0.30320.27
MinimumVisualStudioVersion = 10.0.40219.1
Project("{9A19103F-16F7-4668-BE54-9A1E7A4F7556}") = "Sparta-Global-Profile", "Sparta-Global-Profile\Sparta-Global-Profile.csproj", "{B009F2E8-DCF4-41CB-A23E-F8298D63A0C0}"
EndProject
Global
	GlobalSection(SolutionConfigurationPlatforms) = preSolution
		Debug|Any CPU = Debug|Any CPU
		Release|Any CPU = Release|Any CPU
	EndGlobalSection
	GlobalSection(ProjectConfigurationPlatforms) = postSolution
		{B009F2E8-DCF4-41CB-A23E-F8298D63A0C0}.Debug|Any CPU.ActiveCfg = Debug|Any CPU
		{B009F2E8-DCF4-41CB-A23E-F8298D63A0C0}.Debug|Any CPU.Build.0 = Debug|Any CPU
		{B009F2E8-DCF4-41CB-A23E-F8298D63A0C0}.Release|Any CPU.ActiveCfg = Release|Any CPU
		{B009F2E8-DCF4-41CB-A23E-F8298D63A0C0}.Release|Any CPU.Build.0 = Release|Any CPU
	EndGlobalSection
	GlobalSection(SolutionProperties) = preSolution
		HideSolutionNode = FALSE
	EndGlobalSection
	GlobalSection(ExtensibilityGlobals) = postSolution
		SolutionGuid = {9FA99DE5-83DA-44CA-ACED-1F0A06BE062C}
	EndGlobalSection
EndGlobal
